# THIS IS AN AUTOGENERATED FILE. DO NOT EDIT THIS FILE DIRECTLY.
# yarn lockfile v1


"@types/ua-parser-js@^0.7.36":
  version "0.7.39"
  resolved "https://registry.npmmirror.com/@types/ua-parser-js/-/ua-parser-js-0.7.39.tgz#832c58e460c9435e4e34bb866e85e9146e12cdbb"
  integrity sha512-P/oDfpofrdtF5xw433SPALpdSchtJmY7nsJItf8h3KXqOslkbySh8zq4dSWXH2oTjRvJ5PczVEoCZPow6GicLg==

"@websee/common@4.0.2", "@websee/common@workspace:*":
  version "4.0.2"
  resolved "https://registry.npmmirror.com/@websee/common/-/common-4.0.2.tgz#ce18dd45619043ef7af3e583bda9f68d7b2661ba"
  integrity sha512-iZ4PH6QvxwpuRvtw7stofIrEWYx2TqkUf8yF+TdVhEDYKBd8kfROAdaAgLmwBa8hHW7X5YSjfpHiEH+LF2CkYg==

"@websee/core@4.0.2":
  version "4.0.2"
  resolved "https://registry.npmmirror.com/@websee/core/-/core-4.0.2.tgz#3f81614543981e84eff17376890715d7f964369a"
  integrity sha512-PRT29DixDTnjiZkQgLR6KtGSWzietFhe8szci667K9JI6aEYbDA/TRwQW7LnZMlAzoRz8tSOTN1nkM1tXocrUg==
  dependencies:
    "@websee/common" "4.0.2"
    "@websee/types" "4.0.2"
    "@websee/utils" "4.0.2"

"@websee/types@4.0.2", "@websee/types@workspace:*":
  version "4.0.2"
  resolved "https://registry.npmmirror.com/@websee/types/-/types-4.0.2.tgz#6315c5df5eb61318bf5365bacfb787cf3d7e8224"
  integrity sha512-zJsG+3dajYDskmxo0XTx1tB7Pvu/3qXU6gXwJxBVKrwtlQzYaAMTIExyqQhIK6zi8AulTyZieYWYKdph5yG9gg==
  dependencies:
    "@websee/common" "4.0.2"

"@websee/utils@4.0.2", "@websee/utils@workspace:*":
  version "4.0.2"
  resolved "https://registry.npmmirror.com/@websee/utils/-/utils-4.0.2.tgz#d2fbb994dbdae7496d172f7eba28c2bdc5734932"
  integrity sha512-Br+hCF2uyFmlfPKvjrKB/Ul0FaeM/8UdEZTsmeF4CBa8MtwGf4MXia9brlVVHoZAg1co6/OVqsGlvbibdKuAVQ==
  dependencies:
    "@types/ua-parser-js" "^0.7.36"
    "@websee/common" "4.0.2"
    "@websee/core" "4.0.2"
    "@websee/types" "4.0.2"
    ua-parser-js "1.0.32"

ua-parser-js@1.0.32:
  version "1.0.32"
  resolved "https://registry.npmmirror.com/ua-parser-js/-/ua-parser-js-1.0.32.tgz#786bf17df97de159d5b1c9d5e8e9e89806f8a030"
  integrity sha512-dXVsz3M4j+5tTiovFVyVqssXBu5HM47//YSOeZ9fQkdDKkfzv2v3PP1jmH6FUyPW+yCSn7aBVK1fGGKNhowdDA==

web-vitals@^3.1.0:
  version "3.5.0"
  resolved "https://registry.npmmirror.com/web-vitals/-/web-vitals-3.5.0.tgz#3a5571f00743ecd059394b61e0adceec7fac2634"
  integrity sha512-f5YnCHVG9Y6uLCePD4tY8bO/Ge15NPEQWtvm3tPzDKygloiqtb4SVqRHBcrIAqo2ztqX5XueqDn97zHF0LdT6w==
